
Microsoft Visual Studio Solution File, Format Version 12.00
# Visual Studio 15
VisualStudioVersion = 15.0.27703.2042
MinimumVisualStudioVersion = 10.0.40219.1
Project("{E24C65DC-7377-472B-9ABA-BC803B73C61A}") = "MusicStore", "MusicStore\", "{B590D7C0-5BB7-4EB0-A5EF-5029E0EB9C40}"
	ProjectSection(WebsiteProperties) = preProject
		TargetFrameworkMoniker = ".NETFramework,Version%3Dv4.0"
		Debug.AspNetCompiler.VirtualPath = "/localhost_53475"
		Debug.AspNetCompiler.PhysicalPath = "MusicStore\"
		Debug.AspNetCompiler.TargetPath = "PrecompiledWeb\localhost_53475\"
		Debug.AspNetCompiler.Updateable = "true"
		Debug.AspNetCompiler.ForceOverwrite = "true"
		Debug.AspNetCompiler.FixedNames = "false"
		Debug.AspNetCompiler.Debug = "True"
		Release.AspNetCompiler.VirtualPath = "/localhost_53475"
		Release.AspNetCompiler.PhysicalPath = "MusicStore\"
		Release.AspNetCompiler.TargetPath = "PrecompiledWeb\localhost_53475\"
		Release.AspNetCompiler.Updateable = "true"
		Release.AspNetCompiler.ForceOverwrite = "true"
		Release.AspNetCompiler.FixedNames = "false"
		Release.AspNetCompiler.Debug = "False"
		VWDPort = "53475"
		SlnRelativePath = "MusicStore\"
		DefaultWebSiteLanguage = "Visual C#"
	EndProjectSection
EndProject
Global
	GlobalSection(SolutionConfigurationPlatforms) = preSolution
		Debug|Any CPU = Debug|Any CPU
	EndGlobalSection
	GlobalSection(ProjectConfigurationPlatforms) = postSolution
		{B590D7C0-5BB7-4EB0-A5EF-5029E0EB9C40}.Debug|Any CPU.ActiveCfg = Debug|Any CPU
		{B590D7C0-5BB7-4EB0-A5EF-5029E0EB9C40}.Debug|Any CPU.Build.0 = Debug|Any CPU
	EndGlobalSection
	GlobalSection(SolutionProperties) = preSolution
		HideSolutionNode = FALSE
	EndGlobalSection
	GlobalSection(ExtensibilityGlobals) = postSolution
		SolutionGuid = {9F86F901-D05E-49D6-B00E-4063EE0DEE99}
	EndGlobalSection
EndGlobal
