
Microsoft Visual Studio Solution File, Format Version 12.00
# Visual Studio 15
VisualStudioVersion = 15.0.27703.2042
MinimumVisualStudioVersion = 10.0.40219.1
Project("{E24C65DC-7377-472B-9ABA-BC803B73C61A}") = "homeComing", "homeComing\", "{20EE04AA-C47B-49CB-BCE1-E98F4858C955}"
	ProjectSection(WebsiteProperties) = preProject
		TargetFrameworkMoniker = ".NETFramework,Version%3Dv4.0"
		Debug.AspNetCompiler.VirtualPath = "/localhost_51485"
		Debug.AspNetCompiler.PhysicalPath = "homeComing\"
		Debug.AspNetCompiler.TargetPath = "PrecompiledWeb\localhost_51485\"
		Debug.AspNetCompiler.Updateable = "true"
		Debug.AspNetCompiler.ForceOverwrite = "true"
		Debug.AspNetCompiler.FixedNames = "false"
		Debug.AspNetCompiler.Debug = "True"
		Release.AspNetCompiler.VirtualPath = "/localhost_51485"
		Release.AspNetCompiler.PhysicalPath = "homeComing\"
		Release.AspNetCompiler.TargetPath = "PrecompiledWeb\localhost_51485\"
		Release.AspNetCompiler.Updateable = "true"
		Release.AspNetCompiler.ForceOverwrite = "true"
		Release.AspNetCompiler.FixedNames = "false"
		Release.AspNetCompiler.Debug = "False"
		VWDPort = "51485"
		SlnRelativePath = "homeComing\"
		DefaultWebSiteLanguage = "Visual C#"
	EndProjectSection
EndProject
Global
	GlobalSection(SolutionConfigurationPlatforms) = preSolution
		Debug|Any CPU = Debug|Any CPU
	EndGlobalSection
	GlobalSection(ProjectConfigurationPlatforms) = postSolution
		{20EE04AA-C47B-49CB-BCE1-E98F4858C955}.Debug|Any CPU.ActiveCfg = Debug|Any CPU
		{20EE04AA-C47B-49CB-BCE1-E98F4858C955}.Debug|Any CPU.Build.0 = Debug|Any CPU
	EndGlobalSection
	GlobalSection(SolutionProperties) = preSolution
		HideSolutionNode = FALSE
	EndGlobalSection
	GlobalSection(ExtensibilityGlobals) = postSolution
		SolutionGuid = {50580F40-3323-48E1-8181-EBC8B7407C1F}
	EndGlobalSection
EndGlobal
