
Microsoft Visual Studio Solution File, Format Version 12.00
# Visual Studio 15
VisualStudioVersion = 15.0.27703.2042
MinimumVisualStudioVersion = 10.0.40219.1
Project("{E24C65DC-7377-472B-9ABA-BC803B73C61A}") = "Version_Alpha", "Version_Alpha\", "{262484B2-F4C7-4F1C-BAC9-3708380D9E9D}"
	ProjectSection(WebsiteProperties) = preProject
		TargetFrameworkMoniker = ".NETFramework,Version%3Dv4.0"
		Debug.AspNetCompiler.VirtualPath = "/localhost_56152"
		Debug.AspNetCompiler.PhysicalPath = "Version_Alpha\"
		Debug.AspNetCompiler.TargetPath = "PrecompiledWeb\localhost_56152\"
		Debug.AspNetCompiler.Updateable = "true"
		Debug.AspNetCompiler.ForceOverwrite = "true"
		Debug.AspNetCompiler.FixedNames = "false"
		Debug.AspNetCompiler.Debug = "True"
		Release.AspNetCompiler.VirtualPath = "/localhost_56152"
		Release.AspNetCompiler.PhysicalPath = "Version_Alpha\"
		Release.AspNetCompiler.TargetPath = "PrecompiledWeb\localhost_56152\"
		Release.AspNetCompiler.Updateable = "true"
		Release.AspNetCompiler.ForceOverwrite = "true"
		Release.AspNetCompiler.FixedNames = "false"
		Release.AspNetCompiler.Debug = "False"
		VWDPort = "56152"
		SlnRelativePath = "Version_Alpha\"
		DefaultWebSiteLanguage = "Visual C#"
	EndProjectSection
EndProject
Project("{E24C65DC-7377-472B-9ABA-BC803B73C61A}") = "Version_Beta", "Version_Beta\", "{0752B3E0-B1D2-43CA-8892-0D0CA3811B1F}"
	ProjectSection(WebsiteProperties) = preProject
		TargetFrameworkMoniker = ".NETFramework,Version%3Dv4.0"
		Debug.AspNetCompiler.VirtualPath = "/localhost_56153"
		Debug.AspNetCompiler.PhysicalPath = "Version_Beta\"
		Debug.AspNetCompiler.TargetPath = "PrecompiledWeb\localhost_56153\"
		Debug.AspNetCompiler.Updateable = "true"
		Debug.AspNetCompiler.ForceOverwrite = "true"
		Debug.AspNetCompiler.FixedNames = "false"
		Debug.AspNetCompiler.Debug = "True"
		Release.AspNetCompiler.VirtualPath = "/localhost_56153"
		Release.AspNetCompiler.PhysicalPath = "Version_Beta\"
		Release.AspNetCompiler.TargetPath = "PrecompiledWeb\localhost_56153\"
		Release.AspNetCompiler.Updateable = "true"
		Release.AspNetCompiler.ForceOverwrite = "true"
		Release.AspNetCompiler.FixedNames = "false"
		Release.AspNetCompiler.Debug = "False"
		VWDPort = "56153"
		SlnRelativePath = "Version_Beta\"
		DefaultWebSiteLanguage = "Visual C#"
	EndProjectSection
EndProject
Project("{E24C65DC-7377-472B-9ABA-BC803B73C61A}") = "Project_Repo", "Project_Repo\", "{5C11E276-9220-4035-AFFC-B00C9A0AD934}"
	ProjectSection(WebsiteProperties) = preProject
		TargetFrameworkMoniker = ".NETFramework,Version%3Dv4.0"
		Debug.AspNetCompiler.VirtualPath = "/localhost_56181"
		Debug.AspNetCompiler.PhysicalPath = "Project_Repo\"
		Debug.AspNetCompiler.TargetPath = "PrecompiledWeb\localhost_56181\"
		Debug.AspNetCompiler.Updateable = "true"
		Debug.AspNetCompiler.ForceOverwrite = "true"
		Debug.AspNetCompiler.FixedNames = "false"
		Debug.AspNetCompiler.Debug = "True"
		Release.AspNetCompiler.VirtualPath = "/localhost_56181"
		Release.AspNetCompiler.PhysicalPath = "Project_Repo\"
		Release.AspNetCompiler.TargetPath = "PrecompiledWeb\localhost_56181\"
		Release.AspNetCompiler.Updateable = "true"
		Release.AspNetCompiler.ForceOverwrite = "true"
		Release.AspNetCompiler.FixedNames = "false"
		Release.AspNetCompiler.Debug = "False"
		VWDPort = "56181"
		SlnRelativePath = "Project_Repo\"
		DefaultWebSiteLanguage = "Visual C#"
	EndProjectSection
EndProject
Project("{E24C65DC-7377-472B-9ABA-BC803B73C61A}") = "Version_1.0", "Version_1.0\", "{7B03A5EB-C539-4C63-A35D-44916688CBAC}"
	ProjectSection(WebsiteProperties) = preProject
		TargetFrameworkMoniker = ".NETFramework,Version%3Dv4.0"
		Debug.AspNetCompiler.VirtualPath = "/localhost_56319"
		Debug.AspNetCompiler.PhysicalPath = "Version_1.0\"
		Debug.AspNetCompiler.TargetPath = "PrecompiledWeb\localhost_56319\"
		Debug.AspNetCompiler.Updateable = "true"
		Debug.AspNetCompiler.ForceOverwrite = "true"
		Debug.AspNetCompiler.FixedNames = "false"
		Debug.AspNetCompiler.Debug = "True"
		Release.AspNetCompiler.VirtualPath = "/localhost_56319"
		Release.AspNetCompiler.PhysicalPath = "Version_1.0\"
		Release.AspNetCompiler.TargetPath = "PrecompiledWeb\localhost_56319\"
		Release.AspNetCompiler.Updateable = "true"
		Release.AspNetCompiler.ForceOverwrite = "true"
		Release.AspNetCompiler.FixedNames = "false"
		Release.AspNetCompiler.Debug = "False"
		VWDPort = "56319"
		SlnRelativePath = "Version_1.0\"
		DefaultWebSiteLanguage = "Visual C#"
	EndProjectSection
EndProject
Global
	GlobalSection(SolutionConfigurationPlatforms) = preSolution
		Debug|Any CPU = Debug|Any CPU
	EndGlobalSection
	GlobalSection(ProjectConfigurationPlatforms) = postSolution
		{262484B2-F4C7-4F1C-BAC9-3708380D9E9D}.Debug|Any CPU.ActiveCfg = Debug|Any CPU
		{262484B2-F4C7-4F1C-BAC9-3708380D9E9D}.Debug|Any CPU.Build.0 = Debug|Any CPU
		{0752B3E0-B1D2-43CA-8892-0D0CA3811B1F}.Debug|Any CPU.ActiveCfg = Debug|Any CPU
		{0752B3E0-B1D2-43CA-8892-0D0CA3811B1F}.Debug|Any CPU.Build.0 = Debug|Any CPU
		{5C11E276-9220-4035-AFFC-B00C9A0AD934}.Debug|Any CPU.ActiveCfg = Debug|Any CPU
		{5C11E276-9220-4035-AFFC-B00C9A0AD934}.Debug|Any CPU.Build.0 = Debug|Any CPU
		{7B03A5EB-C539-4C63-A35D-44916688CBAC}.Debug|Any CPU.ActiveCfg = Debug|Any CPU
		{7B03A5EB-C539-4C63-A35D-44916688CBAC}.Debug|Any CPU.Build.0 = Debug|Any CPU
	EndGlobalSection
	GlobalSection(SolutionProperties) = preSolution
		HideSolutionNode = FALSE
	EndGlobalSection
	GlobalSection(ExtensibilityGlobals) = postSolution
		SolutionGuid = {821E310B-783A-4CBE-B1E5-3530F3B3E0E4}
	EndGlobalSection
EndGlobal
